
Microsoft Visual Studio Solution File, Format Version 12.00
# Visual Studio Version 17
VisualStudioVersion = 17.11.35222.181
MinimumVisualStudioVersion = 10.0.40219.1
Project("{FAE04EC0-301F-11D3-BF4B-00C04F79EFBC}") = "Battleship_Royal", "Battleship_Royal\Battleship_Royal.csproj", "{B33F7EC8-28F8-4482-B0A7-38A87A8B59A9}"
EndProject
Project("{FAE04EC0-301F-11D3-BF4B-00C04F79EFBC}") = "Battleship_Royal.Data", "Data\Battleship_Royal.Data.csproj", "{D56C9846-13CA-4E20-AFB0-2FBE8D4A2F2D}"
EndProject
Project("{FAE04EC0-301F-11D3-BF4B-00C04F79EFBC}") = "Battleship_Royal.Api", "Battleship_Royal.Api\Battleship_Royal.Api.csproj", "{C488B2B2-28AF-4AA3-B0EF-019EFC04245D}"
EndProject
Global
	GlobalSection(SolutionConfigurationPlatforms) = preSolution
		Debug|Any CPU = Debug|Any CPU
		Release|Any CPU = Release|Any CPU
	EndGlobalSection
	GlobalSection(ProjectConfigurationPlatforms) = postSolution
		{B33F7EC8-28F8-4482-B0A7-38A87A8B59A9}.Debug|Any CPU.ActiveCfg = Debug|Any CPU
		{B33F7EC8-28F8-4482-B0A7-38A87A8B59A9}.Debug|Any CPU.Build.0 = Debug|Any CPU
		{B33F7EC8-28F8-4482-B0A7-38A87A8B59A9}.Release|Any CPU.ActiveCfg = Release|Any CPU
		{B33F7EC8-28F8-4482-B0A7-38A87A8B59A9}.Release|Any CPU.Build.0 = Release|Any CPU
		{D56C9846-13CA-4E20-AFB0-2FBE8D4A2F2D}.Debug|Any CPU.ActiveCfg = Debug|Any CPU
		{D56C9846-13CA-4E20-AFB0-2FBE8D4A2F2D}.Debug|Any CPU.Build.0 = Debug|Any CPU
		{D56C9846-13CA-4E20-AFB0-2FBE8D4A2F2D}.Release|Any CPU.ActiveCfg = Release|Any CPU
		{D56C9846-13CA-4E20-AFB0-2FBE8D4A2F2D}.Release|Any CPU.Build.0 = Release|Any CPU
		{C488B2B2-28AF-4AA3-B0EF-019EFC04245D}.Debug|Any CPU.ActiveCfg = Debug|Any CPU
		{C488B2B2-28AF-4AA3-B0EF-019EFC04245D}.Debug|Any CPU.Build.0 = Debug|Any CPU
		{C488B2B2-28AF-4AA3-B0EF-019EFC04245D}.Release|Any CPU.ActiveCfg = Release|Any CPU
		{C488B2B2-28AF-4AA3-B0EF-019EFC04245D}.Release|Any CPU.Build.0 = Release|Any CPU
	EndGlobalSection
	GlobalSection(SolutionProperties) = preSolution
		HideSolutionNode = FALSE
	EndGlobalSection
	GlobalSection(ExtensibilityGlobals) = postSolution
		SolutionGuid = {C088C1F4-BC8F-4271-AC34-1BA4F3699B15}
	EndGlobalSection
EndGlobal
